
Microsoft Visual Studio Solution File, Format Version 12.00
# Visual Studio 15
VisualStudioVersion = 15.0.28307.421
MinimumVisualStudioVersion = 10.0.40219.1
Project("{FAE04EC0-301F-11D3-BF4B-00C04F79EFBC}") = "JBG_CapaAUsuario", "JBGym\JBG_CapaAUsuario.csproj", "{4FDE0177-DC81-4ADA-A088-1657B16BE612}"
EndProject
Project("{FAE04EC0-301F-11D3-BF4B-00C04F79EFBC}") = "JBG_CapaDatos", "JBG_CapaDatos\JBG_CapaDatos.csproj", "{07B05F58-93EB-4203-B7B5-9E79C14CE8E2}"
EndProject
Project("{FAE04EC0-301F-11D3-BF4B-00C04F79EFBC}") = "JBG_CapaEntidad", "JBG_CapaEntidad\JBG_CapaEntidad.csproj", "{8FA84470-A97F-4445-B17E-D8FAE73A3841}"
EndProject
Project("{FAE04EC0-301F-11D3-BF4B-00C04F79EFBC}") = "JBG_CapaNegocio", "JBG_CapaNegocio\JBG_CapaNegocio.csproj", "{4B7F23C4-C574-450C-B6C9-D3217336E784}"
EndProject
Global
	GlobalSection(SolutionConfigurationPlatforms) = preSolution
		Debug|Any CPU = Debug|Any CPU
		Release|Any CPU = Release|Any CPU
	EndGlobalSection
	GlobalSection(ProjectConfigurationPlatforms) = postSolution
		{4FDE0177-DC81-4ADA-A088-1657B16BE612}.Debug|Any CPU.ActiveCfg = Debug|Any CPU
		{4FDE0177-DC81-4ADA-A088-1657B16BE612}.Debug|Any CPU.Build.0 = Debug|Any CPU
		{4FDE0177-DC81-4ADA-A088-1657B16BE612}.Release|Any CPU.ActiveCfg = Release|Any CPU
		{4FDE0177-DC81-4ADA-A088-1657B16BE612}.Release|Any CPU.Build.0 = Release|Any CPU
		{07B05F58-93EB-4203-B7B5-9E79C14CE8E2}.Debug|Any CPU.ActiveCfg = Debug|Any CPU
		{07B05F58-93EB-4203-B7B5-9E79C14CE8E2}.Debug|Any CPU.Build.0 = Debug|Any CPU
		{07B05F58-93EB-4203-B7B5-9E79C14CE8E2}.Release|Any CPU.ActiveCfg = Release|Any CPU
		{07B05F58-93EB-4203-B7B5-9E79C14CE8E2}.Release|Any CPU.Build.0 = Release|Any CPU
		{8FA84470-A97F-4445-B17E-D8FAE73A3841}.Debug|Any CPU.ActiveCfg = Debug|Any CPU
		{8FA84470-A97F-4445-B17E-D8FAE73A3841}.Debug|Any CPU.Build.0 = Debug|Any CPU
		{8FA84470-A97F-4445-B17E-D8FAE73A3841}.Release|Any CPU.ActiveCfg = Release|Any CPU
		{8FA84470-A97F-4445-B17E-D8FAE73A3841}.Release|Any CPU.Build.0 = Release|Any CPU
		{4B7F23C4-C574-450C-B6C9-D3217336E784}.Debug|Any CPU.ActiveCfg = Debug|Any CPU
		{4B7F23C4-C574-450C-B6C9-D3217336E784}.Debug|Any CPU.Build.0 = Debug|Any CPU
		{4B7F23C4-C574-450C-B6C9-D3217336E784}.Release|Any CPU.ActiveCfg = Release|Any CPU
		{4B7F23C4-C574-450C-B6C9-D3217336E784}.Release|Any CPU.Build.0 = Release|Any CPU
	EndGlobalSection
	GlobalSection(SolutionProperties) = preSolution
		HideSolutionNode = FALSE
	EndGlobalSection
	GlobalSection(ExtensibilityGlobals) = postSolution
		SolutionGuid = {7CD73977-D036-47BA-A7B4-DE4F0E1E648F}
	EndGlobalSection
EndGlobal
